
Microsoft Visual Studio Solution File, Format Version 12.00
# Visual Studio Version 16
VisualStudioVersion = 16.0.31229.75
MinimumVisualStudioVersion = 10.0.40219.1
Project("{2150E333-8FDC-42A3-9474-1A3956D46DE8}") = "Apps", "Apps", "{9C394C91-003A-409E-8B74-FF872D5498AD}"
EndProject
Project("{2150E333-8FDC-42A3-9474-1A3956D46DE8}") = "Exp", "Exp", "{06A5EA89-F1DF-44B9-A704-EA6281C32B09}"
EndProject
Project("{2150E333-8FDC-42A3-9474-1A3956D46DE8}") = "Libs", "Libs", "{25F932DC-4A8D-425B-9945-3A456D01E355}"
EndProject
Project("{2150E333-8FDC-42A3-9474-1A3956D46DE8}") = "Tests", "Tests", "{DAAA677E-E746-49CD-BFC1-F12DD027428D}"
EndProject
Project("{8BC9CEB8-8B4A-11D0-8D11-00A0C91BC942}") = "Timed", "Src\Exp\Timed\Timed.vcxproj", "{839F3AD8-7086-49B6-80B0-70F9FC6C79B6}"
EndProject
Project("{8BC9CEB8-8B4A-11D0-8D11-00A0C91BC942}") = "Util", "Src\Libs\Util\Util.vcxproj", "{851E38B1-8AF4-4CCC-A90D-3491C66A2259}"
EndProject
Project("{8BC9CEB8-8B4A-11D0-8D11-00A0C91BC942}") = "UtilTests", "Src\Tests\UtilTests\UtilTests.vcxproj", "{F0E7E99E-F600-45B8-9732-B1C70DA3BD9C}"
EndProject
Project("{8BC9CEB8-8B4A-11D0-8D11-00A0C91BC942}") = "TestHelper", "Src\Tests\TestHelper\TestHelper.vcxproj", "{D2620090-3AD5-4D2E-849A-D6668BA228C8}"
EndProject
Project("{8BC9CEB8-8B4A-11D0-8D11-00A0C91BC942}") = "TestHelperTests", "Src\Tests\TestHelper\TestHelperTests\TestHelperTests.vcxproj", "{D2722934-45F0-480A-8E56-3080797C3B3F}"
EndProject
Project("{8BC9CEB8-8B4A-11D0-8D11-00A0C91BC942}") = "lz4", "ThirdParty\lz4\lz4.vcxproj", "{8223A9C4-8424-4F63-9CD0-AF9B603713DD}"
EndProject
Project("{2150E333-8FDC-42A3-9474-1A3956D46DE8}") = "Utils", "Utils", "{B9E86589-8580-4D61-976E-A7E29CCD6B79}"
EndProject
Project("{2150E333-8FDC-42A3-9474-1A3956D46DE8}") = "ThirdParty", "ThirdParty", "{48B177F9-5D25-488B-9C49-C83D594A53B1}"
EndProject
Project("{8BC9CEB8-8B4A-11D0-8D11-00A0C91BC942}") = "sqlite3", "ThirdParty\sqlite\sqlite3.vcxproj", "{937316A8-332D-4CD3-A353-74B5974882DE}"
EndProject
Project("{8BC9CEB8-8B4A-11D0-8D11-00A0C91BC942}") = "asio", "ThirdParty\asio\asio.vcxproj", "{8E5348C5-931C-47C2-8DCE-F186C33336CE}"
EndProject
Global
	GlobalSection(SolutionConfigurationPlatforms) = preSolution
		Debug|x64 = Debug|x64
		Release|x64 = Release|x64
	EndGlobalSection
	GlobalSection(ProjectConfigurationPlatforms) = postSolution
		{839F3AD8-7086-49B6-80B0-70F9FC6C79B6}.Debug|x64.ActiveCfg = Debug|x64
		{839F3AD8-7086-49B6-80B0-70F9FC6C79B6}.Debug|x64.Build.0 = Debug|x64
		{839F3AD8-7086-49B6-80B0-70F9FC6C79B6}.Release|x64.ActiveCfg = Release|x64
		{839F3AD8-7086-49B6-80B0-70F9FC6C79B6}.Release|x64.Build.0 = Release|x64
		{851E38B1-8AF4-4CCC-A90D-3491C66A2259}.Debug|x64.ActiveCfg = Debug|x64
		{851E38B1-8AF4-4CCC-A90D-3491C66A2259}.Debug|x64.Build.0 = Debug|x64
		{851E38B1-8AF4-4CCC-A90D-3491C66A2259}.Release|x64.ActiveCfg = Release|x64
		{851E38B1-8AF4-4CCC-A90D-3491C66A2259}.Release|x64.Build.0 = Release|x64
		{F0E7E99E-F600-45B8-9732-B1C70DA3BD9C}.Debug|x64.ActiveCfg = Debug|x64
		{F0E7E99E-F600-45B8-9732-B1C70DA3BD9C}.Debug|x64.Build.0 = Debug|x64
		{F0E7E99E-F600-45B8-9732-B1C70DA3BD9C}.Release|x64.ActiveCfg = Release|x64
		{F0E7E99E-F600-45B8-9732-B1C70DA3BD9C}.Release|x64.Build.0 = Release|x64
		{D2620090-3AD5-4D2E-849A-D6668BA228C8}.Debug|x64.ActiveCfg = Debug|x64
		{D2620090-3AD5-4D2E-849A-D6668BA228C8}.Debug|x64.Build.0 = Debug|x64
		{D2620090-3AD5-4D2E-849A-D6668BA228C8}.Release|x64.ActiveCfg = Release|x64
		{D2620090-3AD5-4D2E-849A-D6668BA228C8}.Release|x64.Build.0 = Release|x64
		{D2722934-45F0-480A-8E56-3080797C3B3F}.Debug|x64.ActiveCfg = Debug|x64
		{D2722934-45F0-480A-8E56-3080797C3B3F}.Debug|x64.Build.0 = Debug|x64
		{D2722934-45F0-480A-8E56-3080797C3B3F}.Release|x64.ActiveCfg = Release|x64
		{D2722934-45F0-480A-8E56-3080797C3B3F}.Release|x64.Build.0 = Release|x64
		{8223A9C4-8424-4F63-9CD0-AF9B603713DD}.Debug|x64.ActiveCfg = Debug|x64
		{8223A9C4-8424-4F63-9CD0-AF9B603713DD}.Debug|x64.Build.0 = Debug|x64
		{8223A9C4-8424-4F63-9CD0-AF9B603713DD}.Release|x64.ActiveCfg = Release|x64
		{8223A9C4-8424-4F63-9CD0-AF9B603713DD}.Release|x64.Build.0 = Release|x64
		{937316A8-332D-4CD3-A353-74B5974882DE}.Debug|x64.ActiveCfg = Debug|x64
		{937316A8-332D-4CD3-A353-74B5974882DE}.Debug|x64.Build.0 = Debug|x64
		{937316A8-332D-4CD3-A353-74B5974882DE}.Release|x64.ActiveCfg = Release|x64
		{937316A8-332D-4CD3-A353-74B5974882DE}.Release|x64.Build.0 = Release|x64
		{8E5348C5-931C-47C2-8DCE-F186C33336CE}.Debug|x64.ActiveCfg = Debug|x64
		{8E5348C5-931C-47C2-8DCE-F186C33336CE}.Debug|x64.Build.0 = Debug|x64
		{8E5348C5-931C-47C2-8DCE-F186C33336CE}.Release|x64.ActiveCfg = Release|x64
		{8E5348C5-931C-47C2-8DCE-F186C33336CE}.Release|x64.Build.0 = Release|x64
	EndGlobalSection
	GlobalSection(SolutionProperties) = preSolution
		HideSolutionNode = FALSE
	EndGlobalSection
	GlobalSection(NestedProjects) = preSolution
		{839F3AD8-7086-49B6-80B0-70F9FC6C79B6} = {06A5EA89-F1DF-44B9-A704-EA6281C32B09}
		{851E38B1-8AF4-4CCC-A90D-3491C66A2259} = {25F932DC-4A8D-425B-9945-3A456D01E355}
		{F0E7E99E-F600-45B8-9732-B1C70DA3BD9C} = {DAAA677E-E746-49CD-BFC1-F12DD027428D}
		{D2620090-3AD5-4D2E-849A-D6668BA228C8} = {DAAA677E-E746-49CD-BFC1-F12DD027428D}
		{D2722934-45F0-480A-8E56-3080797C3B3F} = {DAAA677E-E746-49CD-BFC1-F12DD027428D}
		{8223A9C4-8424-4F63-9CD0-AF9B603713DD} = {48B177F9-5D25-488B-9C49-C83D594A53B1}
		{48B177F9-5D25-488B-9C49-C83D594A53B1} = {25F932DC-4A8D-425B-9945-3A456D01E355}
		{937316A8-332D-4CD3-A353-74B5974882DE} = {48B177F9-5D25-488B-9C49-C83D594A53B1}
		{8E5348C5-931C-47C2-8DCE-F186C33336CE} = {48B177F9-5D25-488B-9C49-C83D594A53B1}
	EndGlobalSection
	GlobalSection(ExtensibilityGlobals) = postSolution
		SolutionGuid = {19EF3C49-FF85-4E75-9A2C-F060E8057F73}
	EndGlobalSection
EndGlobal
